
Microsoft Visual Studio Solution File, Format Version 12.00
# Visual Studio Version 16
VisualStudioVersion = 16.0.29215.179
MinimumVisualStudioVersion = 10.0.40219.1
Project("{8BC9CEB8-8B4A-11D0-8D11-00A0C91BC942}") = "01-D3D12Triangle", "1-D3D12Triangle\1-D3D12Triangle.vcxproj", "{62AD9748-E971-49EF-A658-2C21D65773BC}"
EndProject
Project("{8BC9CEB8-8B4A-11D0-8D11-00A0C91BC942}") = "02-D3D12WICTexture", "2-D3D12WICTexture\2-D3D12WICTexture.vcxproj", "{446F6F47-76DB-4934-8F47-42F8E2B0656D}"
EndProject
Project("{8BC9CEB8-8B4A-11D0-8D11-00A0C91BC942}") = "03-D3D12PlacedTexture", "3-PlacedTexture\3-PlacedTexture.vcxproj", "{B28D560A-596A-42B8-A9B1-ABC3CC12F253}"
EndProject
Project("{8BC9CEB8-8B4A-11D0-8D11-00A0C91BC942}") = "05-SkyBox", "5-SkyBox\5-SkyBox.vcxproj", "{2BFFE0C1-9032-40AF-B607-3A525FA7910A}"
EndProject
Project("{8BC9CEB8-8B4A-11D0-8D11-00A0C91BC942}") = "06-MultiThread", "6-MultiThread\6-MultiThread.vcxproj", "{5B8D8404-C364-4423-8CE1-50692C824F7B}"
EndProject
Project("{8BC9CEB8-8B4A-11D0-8D11-00A0C91BC942}") = "07-D3D12MultiAdapter", "7-D3D12MultiAdapter\7-D3D12MultiAdapter.vcxproj", "{D4E2F208-F327-4E52-916D-983D08EBB269}"
EndProject
Project("{8BC9CEB8-8B4A-11D0-8D11-00A0C91BC942}") = "04-D3D12TextureCube", "4-D3D12TextureCube\3-D3D12TextureCube.vcxproj", "{E28BD638-0BAD-48AE-8258-EA98FDEB01BF}"
EndProject
Project("{8BC9CEB8-8B4A-11D0-8D11-00A0C91BC942}") = "08-UIRenderBase", "8-UIRenderBase\8-UIRenderBase.vcxproj", "{FA277433-C829-41E4-93DB-7AAAA0A53643}"
EndProject
Project("{8BC9CEB8-8B4A-11D0-8D11-00A0C91BC942}") = "09-RenderToTexture", "9-D3D12RenderToTexture\D3D12RenderToTexture.vcxproj", "{5348E771-E75A-4948-8E40-27BD5E44D208}"
EndProject
Project("{8BC9CEB8-8B4A-11D0-8D11-00A0C91BC942}") = "10-PixelShaderTips", "10-PixelShaderTips\10-PixelTips.vcxproj", "{8EA5A86B-350C-43E7-BAA5-76D678FFAADF}"
EndProject
Project("{8BC9CEB8-8B4A-11D0-8D11-00A0C91BC942}") = "11-MultiThreadAndAdapter", "11-MultiThreadAndAdapter\11-MultiThreadAndAdapter.vcxproj", "{3F5D89CA-5D3A-45A8-AB4B-055E617E626A}"
EndProject
Project("{8BC9CEB8-8B4A-11D0-8D11-00A0C91BC942}") = "12-D2DWriteOnD3D12", "12-D2DWriteOnD3D12\12-D2DWriteOnD3D12.vcxproj", "{77323B42-FD6B-4FD1-9B9E-31A84D0DB35E}"
EndProject
Project("{8BC9CEB8-8B4A-11D0-8D11-00A0C91BC942}") = "13-ShowGIFAndResourceStatus", "13-ShowGIFAndResourceStatus\13-ShowGIFAndResourceStatus.vcxproj", "{B3D520CA-D4E5-4513-8664-4EAC26C10650}"
EndProject
Project("{8BC9CEB8-8B4A-11D0-8D11-00A0C91BC942}") = "14-MultiThreadShadow", "14-MultiThreadShadow\14-MultiThreadShadow.vcxproj", "{7CB92DA2-480D-4C34-BBA2-295F47D064EB}"
EndProject
Project("{8BC9CEB8-8B4A-11D0-8D11-00A0C91BC942}") = "15-CPUThreadsBarrier", "15-CPUThreadsBarrier\15-CPUThreadsBarrier.vcxproj", "{BD66C786-DF65-4AC3-A12D-D91CB2A50530}"
EndProject
Project("{8BC9CEB8-8B4A-11D0-8D11-00A0C91BC942}") = "16-Assimp_Data_Display", "16-Assimp_Data_Display\16-Assimp_Data_Display.vcxproj", "{BE6996B3-DFB4-47C8-8EA2-1209D181D534}"
EndProject
Project("{8BC9CEB8-8B4A-11D0-8D11-00A0C91BC942}") = "17-D3D12_Assimp_Animation", "17-D3D12_Assimp_Animation\17-D3D12_Assimp_Animation.vcxproj", "{6BFFBD6C-B171-4C22-8878-4BCAFBE4CF0F}"
EndProject
Project("{8BC9CEB8-8B4A-11D0-8D11-00A0C91BC942}") = "18-PBR-Base-Point-Lights", "18-PBR-Base-Point-Lights\18-PBR-Base-Point-Lights.vcxproj", "{C537AC94-2F18-4AB5-84EF-16B584566923}"
EndProject
Project("{8BC9CEB8-8B4A-11D0-8D11-00A0C91BC942}") = "19-D3D12Empty", "19-D3D12Empty\19-D3D12Empty.vcxproj", "{69BCDF44-FA07-4E33-9702-F97A5A89F457}"
EndProject
Project("{8BC9CEB8-8B4A-11D0-8D11-00A0C91BC942}") = "20-ResizeWindowEmpty", "20-ResizeWindowEmpty\20-ResizeWindowEmpty.vcxproj", "{75F01B56-B1C1-43BD-B33A-364B4B9E4C10}"
EndProject
Project("{8BC9CEB8-8B4A-11D0-8D11-00A0C91BC942}") = "21-FullscreenEmpty", "21-FullscreenEmpty\21-FullscreenEmpty.vcxproj", "{90B4C7D8-4081-4568-854D-AFC385ECC2CD}"
EndProject
Project("{8BC9CEB8-8B4A-11D0-8D11-00A0C91BC942}") = "22-MultiInstance-PBR-Sphere", "22-MultiInstance-PBR-Sphere\22-MultiInstance-PBR-Sphere.vcxproj", "{CD0784D9-E182-4DF4-90D7-83F5E6193822}"
EndProject
Global
	GlobalSection(SolutionConfigurationPlatforms) = preSolution
		Debug|x64 = Debug|x64
		Debug|x86 = Debug|x86
		Profile|x64 = Profile|x64
		Profile|x86 = Profile|x86
		Release|x64 = Release|x64
		Release|x86 = Release|x86
	EndGlobalSection
	GlobalSection(ProjectConfigurationPlatforms) = postSolution
		{62AD9748-E971-49EF-A658-2C21D65773BC}.Debug|x64.ActiveCfg = Debug|x64
		{62AD9748-E971-49EF-A658-2C21D65773BC}.Debug|x64.Build.0 = Debug|x64
		{62AD9748-E971-49EF-A658-2C21D65773BC}.Debug|x86.ActiveCfg = Debug|Win32
		{62AD9748-E971-49EF-A658-2C21D65773BC}.Debug|x86.Build.0 = Debug|Win32
		{62AD9748-E971-49EF-A658-2C21D65773BC}.Profile|x64.ActiveCfg = Release|x64
		{62AD9748-E971-49EF-A658-2C21D65773BC}.Profile|x64.Build.0 = Release|x64
		{62AD9748-E971-49EF-A658-2C21D65773BC}.Profile|x86.ActiveCfg = Release|Win32
		{62AD9748-E971-49EF-A658-2C21D65773BC}.Profile|x86.Build.0 = Release|Win32
		{62AD9748-E971-49EF-A658-2C21D65773BC}.Release|x64.ActiveCfg = Release|x64
		{62AD9748-E971-49EF-A658-2C21D65773BC}.Release|x64.Build.0 = Release|x64
		{62AD9748-E971-49EF-A658-2C21D65773BC}.Release|x86.ActiveCfg = Release|Win32
		{62AD9748-E971-49EF-A658-2C21D65773BC}.Release|x86.Build.0 = Release|Win32
		{446F6F47-76DB-4934-8F47-42F8E2B0656D}.Debug|x64.ActiveCfg = Debug|x64
		{446F6F47-76DB-4934-8F47-42F8E2B0656D}.Debug|x64.Build.0 = Debug|x64
		{446F6F47-76DB-4934-8F47-42F8E2B0656D}.Debug|x86.ActiveCfg = Debug|Win32
		{446F6F47-76DB-4934-8F47-42F8E2B0656D}.Debug|x86.Build.0 = Debug|Win32
		{446F6F47-76DB-4934-8F47-42F8E2B0656D}.Profile|x64.ActiveCfg = Release|x64
		{446F6F47-76DB-4934-8F47-42F8E2B0656D}.Profile|x64.Build.0 = Release|x64
		{446F6F47-76DB-4934-8F47-42F8E2B0656D}.Profile|x86.ActiveCfg = Release|Win32
		{446F6F47-76DB-4934-8F47-42F8E2B0656D}.Profile|x86.Build.0 = Release|Win32
		{446F6F47-76DB-4934-8F47-42F8E2B0656D}.Release|x64.ActiveCfg = Release|x64
		{446F6F47-76DB-4934-8F47-42F8E2B0656D}.Release|x64.Build.0 = Release|x64
		{446F6F47-76DB-4934-8F47-42F8E2B0656D}.Release|x86.ActiveCfg = Release|Win32
		{446F6F47-76DB-4934-8F47-42F8E2B0656D}.Release|x86.Build.0 = Release|Win32
		{B28D560A-596A-42B8-A9B1-ABC3CC12F253}.Debug|x64.ActiveCfg = Debug|x64
		{B28D560A-596A-42B8-A9B1-ABC3CC12F253}.Debug|x64.Build.0 = Debug|x64
		{B28D560A-596A-42B8-A9B1-ABC3CC12F253}.Debug|x86.ActiveCfg = Debug|Win32
		{B28D560A-596A-42B8-A9B1-ABC3CC12F253}.Debug|x86.Build.0 = Debug|Win32
		{B28D560A-596A-42B8-A9B1-ABC3CC12F253}.Profile|x64.ActiveCfg = Release|x64
		{B28D560A-596A-42B8-A9B1-ABC3CC12F253}.Profile|x64.Build.0 = Release|x64
		{B28D560A-596A-42B8-A9B1-ABC3CC12F253}.Profile|x86.ActiveCfg = Release|Win32
		{B28D560A-596A-42B8-A9B1-ABC3CC12F253}.Profile|x86.Build.0 = Release|Win32
		{B28D560A-596A-42B8-A9B1-ABC3CC12F253}.Release|x64.ActiveCfg = Release|x64
		{B28D560A-596A-42B8-A9B1-ABC3CC12F253}.Release|x64.Build.0 = Release|x64
		{B28D560A-596A-42B8-A9B1-ABC3CC12F253}.Release|x86.ActiveCfg = Release|Win32
		{B28D560A-596A-42B8-A9B1-ABC3CC12F253}.Release|x86.Build.0 = Release|Win32
		{2BFFE0C1-9032-40AF-B607-3A525FA7910A}.Debug|x64.ActiveCfg = Debug|x64
		{2BFFE0C1-9032-40AF-B607-3A525FA7910A}.Debug|x64.Build.0 = Debug|x64
		{2BFFE0C1-9032-40AF-B607-3A525FA7910A}.Debug|x86.ActiveCfg = Debug|Win32
		{2BFFE0C1-9032-40AF-B607-3A525FA7910A}.Debug|x86.Build.0 = Debug|Win32
		{2BFFE0C1-9032-40AF-B607-3A525FA7910A}.Profile|x64.ActiveCfg = Release|x64
		{2BFFE0C1-9032-40AF-B607-3A525FA7910A}.Profile|x64.Build.0 = Release|x64
		{2BFFE0C1-9032-40AF-B607-3A525FA7910A}.Profile|x86.ActiveCfg = Release|Win32
		{2BFFE0C1-9032-40AF-B607-3A525FA7910A}.Profile|x86.Build.0 = Release|Win32
		{2BFFE0C1-9032-40AF-B607-3A525FA7910A}.Release|x64.ActiveCfg = Release|x64
		{2BFFE0C1-9032-40AF-B607-3A525FA7910A}.Release|x64.Build.0 = Release|x64
		{2BFFE0C1-9032-40AF-B607-3A525FA7910A}.Release|x86.ActiveCfg = Release|Win32
		{2BFFE0C1-9032-40AF-B607-3A525FA7910A}.Release|x86.Build.0 = Release|Win32
		{5B8D8404-C364-4423-8CE1-50692C824F7B}.Debug|x64.ActiveCfg = Debug|x64
		{5B8D8404-C364-4423-8CE1-50692C824F7B}.Debug|x64.Build.0 = Debug|x64
		{5B8D8404-C364-4423-8CE1-50692C824F7B}.Debug|x86.ActiveCfg = Debug|Win32
		{5B8D8404-C364-4423-8CE1-50692C824F7B}.Debug|x86.Build.0 = Debug|Win32
		{5B8D8404-C364-4423-8CE1-50692C824F7B}.Profile|x64.ActiveCfg = Release|x64
		{5B8D8404-C364-4423-8CE1-50692C824F7B}.Profile|x64.Build.0 = Release|x64
		{5B8D8404-C364-4423-8CE1-50692C824F7B}.Profile|x86.ActiveCfg = Release|Win32
		{5B8D8404-C364-4423-8CE1-50692C824F7B}.Profile|x86.Build.0 = Release|Win32
		{5B8D8404-C364-4423-8CE1-50692C824F7B}.Release|x64.ActiveCfg = Release|x64
		{5B8D8404-C364-4423-8CE1-50692C824F7B}.Release|x64.Build.0 = Release|x64
		{5B8D8404-C364-4423-8CE1-50692C824F7B}.Release|x86.ActiveCfg = Release|Win32
		{5B8D8404-C364-4423-8CE1-50692C824F7B}.Release|x86.Build.0 = Release|Win32
		{D4E2F208-F327-4E52-916D-983D08EBB269}.Debug|x64.ActiveCfg = Debug|x64
		{D4E2F208-F327-4E52-916D-983D08EBB269}.Debug|x64.Build.0 = Debug|x64
		{D4E2F208-F327-4E52-916D-983D08EBB269}.Debug|x86.ActiveCfg = Debug|Win32
		{D4E2F208-F327-4E52-916D-983D08EBB269}.Debug|x86.Build.0 = Debug|Win32
		{D4E2F208-F327-4E52-916D-983D08EBB269}.Profile|x64.ActiveCfg = Release|x64
		{D4E2F208-F327-4E52-916D-983D08EBB269}.Profile|x64.Build.0 = Release|x64
		{D4E2F208-F327-4E52-916D-983D08EBB269}.Profile|x86.ActiveCfg = Release|Win32
		{D4E2F208-F327-4E52-916D-983D08EBB269}.Profile|x86.Build.0 = Release|Win32
		{D4E2F208-F327-4E52-916D-983D08EBB269}.Release|x64.ActiveCfg = Release|x64
		{D4E2F208-F327-4E52-916D-983D08EBB269}.Release|x64.Build.0 = Release|x64
		{D4E2F208-F327-4E52-916D-983D08EBB269}.Release|x86.ActiveCfg = Release|Win32
		{D4E2F208-F327-4E52-916D-983D08EBB269}.Release|x86.Build.0 = Release|Win32
		{E28BD638-0BAD-48AE-8258-EA98FDEB01BF}.Debug|x64.ActiveCfg = Debug|x64
		{E28BD638-0BAD-48AE-8258-EA98FDEB01BF}.Debug|x64.Build.0 = Debug|x64
		{E28BD638-0BAD-48AE-8258-EA98FDEB01BF}.Debug|x86.ActiveCfg = Debug|Win32
		{E28BD638-0BAD-48AE-8258-EA98FDEB01BF}.Debug|x86.Build.0 = Debug|Win32
		{E28BD638-0BAD-48AE-8258-EA98FDEB01BF}.Profile|x64.ActiveCfg = Release|x64
		{E28BD638-0BAD-48AE-8258-EA98FDEB01BF}.Profile|x64.Build.0 = Release|x64
		{E28BD638-0BAD-48AE-8258-EA98FDEB01BF}.Profile|x86.ActiveCfg = Release|Win32
		{E28BD638-0BAD-48AE-8258-EA98FDEB01BF}.Profile|x86.Build.0 = Release|Win32
		{E28BD638-0BAD-48AE-8258-EA98FDEB01BF}.Release|x64.ActiveCfg = Release|x64
		{E28BD638-0BAD-48AE-8258-EA98FDEB01BF}.Release|x64.Build.0 = Release|x64
		{E28BD638-0BAD-48AE-8258-EA98FDEB01BF}.Release|x86.ActiveCfg = Release|Win32
		{E28BD638-0BAD-48AE-8258-EA98FDEB01BF}.Release|x86.Build.0 = Release|Win32
		{FA277433-C829-41E4-93DB-7AAAA0A53643}.Debug|x64.ActiveCfg = Debug|x64
		{FA277433-C829-41E4-93DB-7AAAA0A53643}.Debug|x64.Build.0 = Debug|x64
		{FA277433-C829-41E4-93DB-7AAAA0A53643}.Debug|x86.ActiveCfg = Debug|Win32
		{FA277433-C829-41E4-93DB-7AAAA0A53643}.Debug|x86.Build.0 = Debug|Win32
		{FA277433-C829-41E4-93DB-7AAAA0A53643}.Profile|x64.ActiveCfg = Release|x64
		{FA277433-C829-41E4-93DB-7AAAA0A53643}.Profile|x64.Build.0 = Release|x64
		{FA277433-C829-41E4-93DB-7AAAA0A53643}.Profile|x86.ActiveCfg = Release|Win32
		{FA277433-C829-41E4-93DB-7AAAA0A53643}.Profile|x86.Build.0 = Release|Win32
		{FA277433-C829-41E4-93DB-7AAAA0A53643}.Release|x64.ActiveCfg = Release|x64
		{FA277433-C829-41E4-93DB-7AAAA0A53643}.Release|x64.Build.0 = Release|x64
		{FA277433-C829-41E4-93DB-7AAAA0A53643}.Release|x86.ActiveCfg = Release|Win32
		{FA277433-C829-41E4-93DB-7AAAA0A53643}.Release|x86.Build.0 = Release|Win32
		{5348E771-E75A-4948-8E40-27BD5E44D208}.Debug|x64.ActiveCfg = Debug|x64
		{5348E771-E75A-4948-8E40-27BD5E44D208}.Debug|x64.Build.0 = Debug|x64
		{5348E771-E75A-4948-8E40-27BD5E44D208}.Debug|x86.ActiveCfg = Debug|Win32
		{5348E771-E75A-4948-8E40-27BD5E44D208}.Debug|x86.Build.0 = Debug|Win32
		{5348E771-E75A-4948-8E40-27BD5E44D208}.Profile|x64.ActiveCfg = Release|x64
		{5348E771-E75A-4948-8E40-27BD5E44D208}.Profile|x64.Build.0 = Release|x64
		{5348E771-E75A-4948-8E40-27BD5E44D208}.Profile|x86.ActiveCfg = Release|Win32
		{5348E771-E75A-4948-8E40-27BD5E44D208}.Profile|x86.Build.0 = Release|Win32
		{5348E771-E75A-4948-8E40-27BD5E44D208}.Release|x64.ActiveCfg = Release|x64
		{5348E771-E75A-4948-8E40-27BD5E44D208}.Release|x64.Build.0 = Release|x64
		{5348E771-E75A-4948-8E40-27BD5E44D208}.Release|x86.ActiveCfg = Release|Win32
		{5348E771-E75A-4948-8E40-27BD5E44D208}.Release|x86.Build.0 = Release|Win32
		{8EA5A86B-350C-43E7-BAA5-76D678FFAADF}.Debug|x64.ActiveCfg = Debug|x64
		{8EA5A86B-350C-43E7-BAA5-76D678FFAADF}.Debug|x64.Build.0 = Debug|x64
		{8EA5A86B-350C-43E7-BAA5-76D678FFAADF}.Debug|x86.ActiveCfg = Debug|Win32
		{8EA5A86B-350C-43E7-BAA5-76D678FFAADF}.Debug|x86.Build.0 = Debug|Win32
		{8EA5A86B-350C-43E7-BAA5-76D678FFAADF}.Profile|x64.ActiveCfg = Release|x64
		{8EA5A86B-350C-43E7-BAA5-76D678FFAADF}.Profile|x64.Build.0 = Release|x64
		{8EA5A86B-350C-43E7-BAA5-76D678FFAADF}.Profile|x86.ActiveCfg = Release|Win32
		{8EA5A86B-350C-43E7-BAA5-76D678FFAADF}.Profile|x86.Build.0 = Release|Win32
		{8EA5A86B-350C-43E7-BAA5-76D678FFAADF}.Release|x64.ActiveCfg = Release|x64
		{8EA5A86B-350C-43E7-BAA5-76D678FFAADF}.Release|x64.Build.0 = Release|x64
		{8EA5A86B-350C-43E7-BAA5-76D678FFAADF}.Release|x86.ActiveCfg = Release|Win32
		{8EA5A86B-350C-43E7-BAA5-76D678FFAADF}.Release|x86.Build.0 = Release|Win32
		{3F5D89CA-5D3A-45A8-AB4B-055E617E626A}.Debug|x64.ActiveCfg = Debug|x64
		{3F5D89CA-5D3A-45A8-AB4B-055E617E626A}.Debug|x64.Build.0 = Debug|x64
		{3F5D89CA-5D3A-45A8-AB4B-055E617E626A}.Debug|x86.ActiveCfg = Debug|Win32
		{3F5D89CA-5D3A-45A8-AB4B-055E617E626A}.Debug|x86.Build.0 = Debug|Win32
		{3F5D89CA-5D3A-45A8-AB4B-055E617E626A}.Profile|x64.ActiveCfg = Release|x64
		{3F5D89CA-5D3A-45A8-AB4B-055E617E626A}.Profile|x64.Build.0 = Release|x64
		{3F5D89CA-5D3A-45A8-AB4B-055E617E626A}.Profile|x86.ActiveCfg = Release|Win32
		{3F5D89CA-5D3A-45A8-AB4B-055E617E626A}.Profile|x86.Build.0 = Release|Win32
		{3F5D89CA-5D3A-45A8-AB4B-055E617E626A}.Release|x64.ActiveCfg = Release|x64
		{3F5D89CA-5D3A-45A8-AB4B-055E617E626A}.Release|x64.Build.0 = Release|x64
		{3F5D89CA-5D3A-45A8-AB4B-055E617E626A}.Release|x86.ActiveCfg = Release|Win32
		{3F5D89CA-5D3A-45A8-AB4B-055E617E626A}.Release|x86.Build.0 = Release|Win32
		{77323B42-FD6B-4FD1-9B9E-31A84D0DB35E}.Debug|x64.ActiveCfg = Debug|x64
		{77323B42-FD6B-4FD1-9B9E-31A84D0DB35E}.Debug|x64.Build.0 = Debug|x64
		{77323B42-FD6B-4FD1-9B9E-31A84D0DB35E}.Debug|x86.ActiveCfg = Debug|Win32
		{77323B42-FD6B-4FD1-9B9E-31A84D0DB35E}.Debug|x86.Build.0 = Debug|Win32
		{77323B42-FD6B-4FD1-9B9E-31A84D0DB35E}.Profile|x64.ActiveCfg = Release|x64
		{77323B42-FD6B-4FD1-9B9E-31A84D0DB35E}.Profile|x64.Build.0 = Release|x64
		{77323B42-FD6B-4FD1-9B9E-31A84D0DB35E}.Profile|x86.ActiveCfg = Release|Win32
		{77323B42-FD6B-4FD1-9B9E-31A84D0DB35E}.Profile|x86.Build.0 = Release|Win32
		{77323B42-FD6B-4FD1-9B9E-31A84D0DB35E}.Release|x64.ActiveCfg = Release|x64
		{77323B42-FD6B-4FD1-9B9E-31A84D0DB35E}.Release|x64.Build.0 = Release|x64
		{77323B42-FD6B-4FD1-9B9E-31A84D0DB35E}.Release|x86.ActiveCfg = Release|Win32
		{77323B42-FD6B-4FD1-9B9E-31A84D0DB35E}.Release|x86.Build.0 = Release|Win32
		{B3D520CA-D4E5-4513-8664-4EAC26C10650}.Debug|x64.ActiveCfg = Debug|x64
		{B3D520CA-D4E5-4513-8664-4EAC26C10650}.Debug|x64.Build.0 = Debug|x64
		{B3D520CA-D4E5-4513-8664-4EAC26C10650}.Debug|x86.ActiveCfg = Debug|Win32
		{B3D520CA-D4E5-4513-8664-4EAC26C10650}.Debug|x86.Build.0 = Debug|Win32
		{B3D520CA-D4E5-4513-8664-4EAC26C10650}.Profile|x64.ActiveCfg = Release|x64
		{B3D520CA-D4E5-4513-8664-4EAC26C10650}.Profile|x64.Build.0 = Release|x64
		{B3D520CA-D4E5-4513-8664-4EAC26C10650}.Profile|x86.ActiveCfg = Release|Win32
		{B3D520CA-D4E5-4513-8664-4EAC26C10650}.Profile|x86.Build.0 = Release|Win32
		{B3D520CA-D4E5-4513-8664-4EAC26C10650}.Release|x64.ActiveCfg = Release|x64
		{B3D520CA-D4E5-4513-8664-4EAC26C10650}.Release|x64.Build.0 = Release|x64
		{B3D520CA-D4E5-4513-8664-4EAC26C10650}.Release|x86.ActiveCfg = Release|Win32
		{B3D520CA-D4E5-4513-8664-4EAC26C10650}.Release|x86.Build.0 = Release|Win32
		{7CB92DA2-480D-4C34-BBA2-295F47D064EB}.Debug|x64.ActiveCfg = Debug|x64
		{7CB92DA2-480D-4C34-BBA2-295F47D064EB}.Debug|x64.Build.0 = Debug|x64
		{7CB92DA2-480D-4C34-BBA2-295F47D064EB}.Debug|x86.ActiveCfg = Debug|Win32
		{7CB92DA2-480D-4C34-BBA2-295F47D064EB}.Debug|x86.Build.0 = Debug|Win32
		{7CB92DA2-480D-4C34-BBA2-295F47D064EB}.Profile|x64.ActiveCfg = Release|x64
		{7CB92DA2-480D-4C34-BBA2-295F47D064EB}.Profile|x64.Build.0 = Release|x64
		{7CB92DA2-480D-4C34-BBA2-295F47D064EB}.Profile|x86.ActiveCfg = Release|Win32
		{7CB92DA2-480D-4C34-BBA2-295F47D064EB}.Profile|x86.Build.0 = Release|Win32
		{7CB92DA2-480D-4C34-BBA2-295F47D064EB}.Release|x64.ActiveCfg = Release|x64
		{7CB92DA2-480D-4C34-BBA2-295F47D064EB}.Release|x64.Build.0 = Release|x64
		{7CB92DA2-480D-4C34-BBA2-295F47D064EB}.Release|x86.ActiveCfg = Release|Win32
		{7CB92DA2-480D-4C34-BBA2-295F47D064EB}.Release|x86.Build.0 = Release|Win32
		{BD66C786-DF65-4AC3-A12D-D91CB2A50530}.Debug|x64.ActiveCfg = Debug|x64
		{BD66C786-DF65-4AC3-A12D-D91CB2A50530}.Debug|x64.Build.0 = Debug|x64
		{BD66C786-DF65-4AC3-A12D-D91CB2A50530}.Debug|x86.ActiveCfg = Debug|Win32
		{BD66C786-DF65-4AC3-A12D-D91CB2A50530}.Debug|x86.Build.0 = Debug|Win32
		{BD66C786-DF65-4AC3-A12D-D91CB2A50530}.Profile|x64.ActiveCfg = Release|x64
		{BD66C786-DF65-4AC3-A12D-D91CB2A50530}.Profile|x64.Build.0 = Release|x64
		{BD66C786-DF65-4AC3-A12D-D91CB2A50530}.Profile|x86.ActiveCfg = Release|Win32
		{BD66C786-DF65-4AC3-A12D-D91CB2A50530}.Profile|x86.Build.0 = Release|Win32
		{BD66C786-DF65-4AC3-A12D-D91CB2A50530}.Release|x64.ActiveCfg = Release|x64
		{BD66C786-DF65-4AC3-A12D-D91CB2A50530}.Release|x64.Build.0 = Release|x64
		{BD66C786-DF65-4AC3-A12D-D91CB2A50530}.Release|x86.ActiveCfg = Release|Win32
		{BD66C786-DF65-4AC3-A12D-D91CB2A50530}.Release|x86.Build.0 = Release|Win32
		{BE6996B3-DFB4-47C8-8EA2-1209D181D534}.Debug|x64.ActiveCfg = Debug|x64
		{BE6996B3-DFB4-47C8-8EA2-1209D181D534}.Debug|x64.Build.0 = Debug|x64
		{BE6996B3-DFB4-47C8-8EA2-1209D181D534}.Debug|x86.ActiveCfg = Debug|Win32
		{BE6996B3-DFB4-47C8-8EA2-1209D181D534}.Debug|x86.Build.0 = Debug|Win32
		{BE6996B3-DFB4-47C8-8EA2-1209D181D534}.Profile|x64.ActiveCfg = Debug|x64
		{BE6996B3-DFB4-47C8-8EA2-1209D181D534}.Profile|x64.Build.0 = Debug|x64
		{BE6996B3-DFB4-47C8-8EA2-1209D181D534}.Profile|x86.ActiveCfg = Debug|Win32
		{BE6996B3-DFB4-47C8-8EA2-1209D181D534}.Profile|x86.Build.0 = Debug|Win32
		{BE6996B3-DFB4-47C8-8EA2-1209D181D534}.Release|x64.ActiveCfg = Release|x64
		{BE6996B3-DFB4-47C8-8EA2-1209D181D534}.Release|x64.Build.0 = Release|x64
		{BE6996B3-DFB4-47C8-8EA2-1209D181D534}.Release|x86.ActiveCfg = Release|Win32
		{BE6996B3-DFB4-47C8-8EA2-1209D181D534}.Release|x86.Build.0 = Release|Win32
		{6BFFBD6C-B171-4C22-8878-4BCAFBE4CF0F}.Debug|x64.ActiveCfg = Debug|x64
		{6BFFBD6C-B171-4C22-8878-4BCAFBE4CF0F}.Debug|x64.Build.0 = Debug|x64
		{6BFFBD6C-B171-4C22-8878-4BCAFBE4CF0F}.Debug|x86.ActiveCfg = Debug|Win32
		{6BFFBD6C-B171-4C22-8878-4BCAFBE4CF0F}.Debug|x86.Build.0 = Debug|Win32
		{6BFFBD6C-B171-4C22-8878-4BCAFBE4CF0F}.Profile|x64.ActiveCfg = Debug|x64
		{6BFFBD6C-B171-4C22-8878-4BCAFBE4CF0F}.Profile|x64.Build.0 = Debug|x64
		{6BFFBD6C-B171-4C22-8878-4BCAFBE4CF0F}.Profile|x86.ActiveCfg = Debug|Win32
		{6BFFBD6C-B171-4C22-8878-4BCAFBE4CF0F}.Profile|x86.Build.0 = Debug|Win32
		{6BFFBD6C-B171-4C22-8878-4BCAFBE4CF0F}.Release|x64.ActiveCfg = Release|x64
		{6BFFBD6C-B171-4C22-8878-4BCAFBE4CF0F}.Release|x64.Build.0 = Release|x64
		{6BFFBD6C-B171-4C22-8878-4BCAFBE4CF0F}.Release|x86.ActiveCfg = Release|Win32
		{6BFFBD6C-B171-4C22-8878-4BCAFBE4CF0F}.Release|x86.Build.0 = Release|Win32
		{C537AC94-2F18-4AB5-84EF-16B584566923}.Debug|x64.ActiveCfg = Debug|x64
		{C537AC94-2F18-4AB5-84EF-16B584566923}.Debug|x64.Build.0 = Debug|x64
		{C537AC94-2F18-4AB5-84EF-16B584566923}.Debug|x86.ActiveCfg = Debug|Win32
		{C537AC94-2F18-4AB5-84EF-16B584566923}.Debug|x86.Build.0 = Debug|Win32
		{C537AC94-2F18-4AB5-84EF-16B584566923}.Profile|x64.ActiveCfg = Debug|x64
		{C537AC94-2F18-4AB5-84EF-16B584566923}.Profile|x64.Build.0 = Debug|x64
		{C537AC94-2F18-4AB5-84EF-16B584566923}.Profile|x86.ActiveCfg = Debug|Win32
		{C537AC94-2F18-4AB5-84EF-16B584566923}.Profile|x86.Build.0 = Debug|Win32
		{C537AC94-2F18-4AB5-84EF-16B584566923}.Release|x64.ActiveCfg = Release|x64
		{C537AC94-2F18-4AB5-84EF-16B584566923}.Release|x64.Build.0 = Release|x64
		{C537AC94-2F18-4AB5-84EF-16B584566923}.Release|x86.ActiveCfg = Release|Win32
		{C537AC94-2F18-4AB5-84EF-16B584566923}.Release|x86.Build.0 = Release|Win32
		{69BCDF44-FA07-4E33-9702-F97A5A89F457}.Debug|x64.ActiveCfg = Debug|x64
		{69BCDF44-FA07-4E33-9702-F97A5A89F457}.Debug|x64.Build.0 = Debug|x64
		{69BCDF44-FA07-4E33-9702-F97A5A89F457}.Debug|x86.ActiveCfg = Debug|Win32
		{69BCDF44-FA07-4E33-9702-F97A5A89F457}.Debug|x86.Build.0 = Debug|Win32
		{69BCDF44-FA07-4E33-9702-F97A5A89F457}.Profile|x64.ActiveCfg = Debug|x64
		{69BCDF44-FA07-4E33-9702-F97A5A89F457}.Profile|x64.Build.0 = Debug|x64
		{69BCDF44-FA07-4E33-9702-F97A5A89F457}.Profile|x86.ActiveCfg = Debug|Win32
		{69BCDF44-FA07-4E33-9702-F97A5A89F457}.Profile|x86.Build.0 = Debug|Win32
		{69BCDF44-FA07-4E33-9702-F97A5A89F457}.Release|x64.ActiveCfg = Release|x64
		{69BCDF44-FA07-4E33-9702-F97A5A89F457}.Release|x64.Build.0 = Release|x64
		{69BCDF44-FA07-4E33-9702-F97A5A89F457}.Release|x86.ActiveCfg = Release|Win32
		{69BCDF44-FA07-4E33-9702-F97A5A89F457}.Release|x86.Build.0 = Release|Win32
		{75F01B56-B1C1-43BD-B33A-364B4B9E4C10}.Debug|x64.ActiveCfg = Debug|x64
		{75F01B56-B1C1-43BD-B33A-364B4B9E4C10}.Debug|x64.Build.0 = Debug|x64
		{75F01B56-B1C1-43BD-B33A-364B4B9E4C10}.Debug|x86.ActiveCfg = Debug|Win32
		{75F01B56-B1C1-43BD-B33A-364B4B9E4C10}.Debug|x86.Build.0 = Debug|Win32
		{75F01B56-B1C1-43BD-B33A-364B4B9E4C10}.Profile|x64.ActiveCfg = Debug|x64
		{75F01B56-B1C1-43BD-B33A-364B4B9E4C10}.Profile|x64.Build.0 = Debug|x64
		{75F01B56-B1C1-43BD-B33A-364B4B9E4C10}.Profile|x86.ActiveCfg = Debug|Win32
		{75F01B56-B1C1-43BD-B33A-364B4B9E4C10}.Profile|x86.Build.0 = Debug|Win32
		{75F01B56-B1C1-43BD-B33A-364B4B9E4C10}.Release|x64.ActiveCfg = Release|x64
		{75F01B56-B1C1-43BD-B33A-364B4B9E4C10}.Release|x64.Build.0 = Release|x64
		{75F01B56-B1C1-43BD-B33A-364B4B9E4C10}.Release|x86.ActiveCfg = Release|Win32
		{75F01B56-B1C1-43BD-B33A-364B4B9E4C10}.Release|x86.Build.0 = Release|Win32
		{90B4C7D8-4081-4568-854D-AFC385ECC2CD}.Debug|x64.ActiveCfg = Debug|x64
		{90B4C7D8-4081-4568-854D-AFC385ECC2CD}.Debug|x64.Build.0 = Debug|x64
		{90B4C7D8-4081-4568-854D-AFC385ECC2CD}.Debug|x86.ActiveCfg = Debug|Win32
		{90B4C7D8-4081-4568-854D-AFC385ECC2CD}.Debug|x86.Build.0 = Debug|Win32
		{90B4C7D8-4081-4568-854D-AFC385ECC2CD}.Profile|x64.ActiveCfg = Debug|x64
		{90B4C7D8-4081-4568-854D-AFC385ECC2CD}.Profile|x64.Build.0 = Debug|x64
		{90B4C7D8-4081-4568-854D-AFC385ECC2CD}.Profile|x86.ActiveCfg = Debug|Win32
		{90B4C7D8-4081-4568-854D-AFC385ECC2CD}.Profile|x86.Build.0 = Debug|Win32
		{90B4C7D8-4081-4568-854D-AFC385ECC2CD}.Release|x64.ActiveCfg = Release|x64
		{90B4C7D8-4081-4568-854D-AFC385ECC2CD}.Release|x64.Build.0 = Release|x64
		{90B4C7D8-4081-4568-854D-AFC385ECC2CD}.Release|x86.ActiveCfg = Release|Win32
		{90B4C7D8-4081-4568-854D-AFC385ECC2CD}.Release|x86.Build.0 = Release|Win32
		{CD0784D9-E182-4DF4-90D7-83F5E6193822}.Debug|x64.ActiveCfg = Debug|x64
		{CD0784D9-E182-4DF4-90D7-83F5E6193822}.Debug|x64.Build.0 = Debug|x64
		{CD0784D9-E182-4DF4-90D7-83F5E6193822}.Debug|x86.ActiveCfg = Debug|Win32
		{CD0784D9-E182-4DF4-90D7-83F5E6193822}.Debug|x86.Build.0 = Debug|Win32
		{CD0784D9-E182-4DF4-90D7-83F5E6193822}.Profile|x64.ActiveCfg = Debug|x64
		{CD0784D9-E182-4DF4-90D7-83F5E6193822}.Profile|x64.Build.0 = Debug|x64
		{CD0784D9-E182-4DF4-90D7-83F5E6193822}.Profile|x86.ActiveCfg = Debug|Win32
		{CD0784D9-E182-4DF4-90D7-83F5E6193822}.Profile|x86.Build.0 = Debug|Win32
		{CD0784D9-E182-4DF4-90D7-83F5E6193822}.Release|x64.ActiveCfg = Release|x64
		{CD0784D9-E182-4DF4-90D7-83F5E6193822}.Release|x64.Build.0 = Release|x64
		{CD0784D9-E182-4DF4-90D7-83F5E6193822}.Release|x86.ActiveCfg = Release|Win32
		{CD0784D9-E182-4DF4-90D7-83F5E6193822}.Release|x86.Build.0 = Release|Win32
	EndGlobalSection
	GlobalSection(SolutionProperties) = preSolution
		HideSolutionNode = FALSE
	EndGlobalSection
	GlobalSection(ExtensibilityGlobals) = postSolution
		SolutionGuid = {E28D26FF-BD19-471F-A3FB-FCE0D274BEA6}
	EndGlobalSection
EndGlobal
